{
  "name": "xsshh",
  "lockfileVersion": 3,
  "requires": true,
  "packages": {
    "": {
      "name": "xsshh",
      "dependencies": {
        "@types/esprima": "^4.0.4",
        "escodegen": "^2.1.0",
        "esprima": "^4.0.1"
      },
      "devDependencies": {
        "@types/escodegen": "^0.0.8",
        "bun-types": "latest"
      },
      "peerDependencies": {
        "typescript": "^5.0.0"
      }
    },
    "node_modules/@types/escodegen": {
      "version": "0.0.8",
      "resolved": "https://registry.npmjs.org/@types/escodegen/-/escodegen-0.0.8.tgz",
      "integrity": "sha512-bWqXJArZ+Q44g8XfO0KfWiu0RfgdaXWnYpD6/1CLdlSKQd2x1Sa5yDI4S0JC1fmoYOy5+5Bpll+h4jMhocb5Ug==",
      "dev": true
    },
    "node_modules/@types/esprima": {
      "version": "4.0.4",
      "resolved": "https://registry.npmjs.org/@types/esprima/-/esprima-4.0.4.tgz",
      "integrity": "sha512-eW0MCuRrJC8tgsmzvOiMBsvTiStAkpWz/wgsc+q6RMgChb6x/0jhPQ0F1Oi0RdDheGDT60Jq0y+aCwUrC3uwww==",
      "dependencies": {
        "@types/estree": "*"
      }
    },
    "node_modules/@types/estree": {
      "version": "1.0.2",
      "resolved": "https://registry.npmjs.org/@types/estree/-/estree-1.0.2.tgz",
      "integrity": "sha512-VeiPZ9MMwXjO32/Xu7+OwflfmeoRwkE/qzndw42gGtgJwZopBnzy2gD//NN1+go1mADzkDcqf/KnFRSjTJ8xJA=="
    },
    "node_modules/bun-types": {
      "version": "1.0.4-canary.20231004T140131",
      "resolved": "https://registry.npmjs.org/bun-types/-/bun-types-1.0.4-canary.20231004T140131.tgz",
      "integrity": "sha512-k9DSGP8+mJTJHY/87Q2NqixeXRw04mgIHDSIi29D/bhOu7HqZbO1l+48/aiS8miUpj59ZgJVgpSi+Px33yMCJQ==",
      "dev": true
    },
    "node_modules/escodegen": {
      "version": "2.1.0",
      "resolved": "https://registry.npmjs.org/escodegen/-/escodegen-2.1.0.tgz",
      "integrity": "sha512-2NlIDTwUWJN0mRPQOdtQBzbUHvdGY2P1VXSyU83Q3xKxM7WHX2Ql8dKq782Q9TgQUNOLEzEYu9bzLNj1q88I5w==",
      "dependencies": {
        "esprima": "^4.0.1",
        "estraverse": "^5.2.0",
        "esutils": "^2.0.2"
      },
      "bin": {
        "escodegen": "bin/escodegen.js",
        "esgenerate": "bin/esgenerate.js"
      },
      "engines": {
        "node": ">=6.0"
      },
      "optionalDependencies": {
        "source-map": "~0.6.1"
      }
    },
    "node_modules/esprima": {
      "version": "4.0.1",
      "resolved": "https://registry.npmjs.org/esprima/-/esprima-4.0.1.tgz",
      "integrity": "sha512-eGuFFw7Upda+g4p+QHvnW0RyTX/SVeJBDM/gCtMARO0cLuT2HcEKnTPvhjV6aGeqrCB/sbNop0Kszm0jsaWU4A==",
      "bin": {
        "esparse": "bin/esparse.js",
        "esvalidate": "bin/esvalidate.js"
      },
      "engines": {
        "node": ">=4"
      }
    },
    "node_modules/estraverse": {
      "version": "5.3.0",
      "resolved": "https://registry.npmjs.org/estraverse/-/estraverse-5.3.0.tgz",
      "integrity": "sha512-MMdARuVEQziNTeJD8DgMqmhwR11BRQ/cBP+pLtYdSTnf3MIO8fFeiINEbX36ZdNlfU/7A9f3gUw49B3oQsvwBA==",
      "engines": {
        "node": ">=4.0"
      }
    },
    "node_modules/esutils": {
      "version": "2.0.3",
      "resolved": "https://registry.npmjs.org/esutils/-/esutils-2.0.3.tgz",
      "integrity": "sha512-kVscqXk4OCp68SZ0dkgEKVi6/8ij300KBWTJq32P/dYeWTSwK41WyTxalN1eRmA5Z9UU/LX9D7FWSmV9SAYx6g==",
      "engines": {
        "node": ">=0.10.0"
      }
    },
    "node_modules/source-map": {
      "version": "0.6.1",
      "resolved": "https://registry.npmjs.org/source-map/-/source-map-0.6.1.tgz",
      "integrity": "sha512-UjgapumWlbMhkBgzT7Ykc5YXUT46F0iKu8SGXq0bcwP5dz/h0Plj6enJqjz1Zbq2l5WaqYnrVbwWOWMyF3F47g==",
      "optional": true,
      "engines": {
        "node": ">=0.10.0"
      }
    },
    "node_modules/typescript": {
      "version": "5.2.2",
      "resolved": "https://registry.npmjs.org/typescript/-/typescript-5.2.2.tgz",
      "integrity": "sha512-mI4WrpHsbCIcwT9cF4FZvr80QUeKvsUsUvKDoR+X/7XHQH98xYD8YHZg7ANtz2GtZt/CBq2QJ0thkGJMHfqc1w==",
      "peer": true,
      "bin": {
        "tsc": "bin/tsc",
        "tsserver": "bin/tsserver"
      },
      "engines": {
        "node": ">=14.17"
      }
    }
  }
}
